
Microsoft Visual Studio Solution File, Format Version 12.00
# Visual Studio 15
VisualStudioVersion = 15.0.26124.0
MinimumVisualStudioVersion = 15.0.26124.0
Project("{FAE04EC0-301F-11D3-BF4B-00C04F79EFBC}") = "PasswordService", "PasswordService\PasswordService.csproj", "{266531C2-F785-449F-8443-2965CEA574D9}"
EndProject
Project("{FAE04EC0-301F-11D3-BF4B-00C04F79EFBC}") = "PasswordService.Tests", "PasswordService.Tests\PasswordService.Tests.csproj", "{BD80983E-35AF-4CF5-932A-3564CCCA8B97}"
EndProject
Global
	GlobalSection(SolutionConfigurationPlatforms) = preSolution
		Debug|Any CPU = Debug|Any CPU
		Debug|x64 = Debug|x64
		Debug|x86 = Debug|x86
		Release|Any CPU = Release|Any CPU
		Release|x64 = Release|x64
		Release|x86 = Release|x86
	EndGlobalSection
	GlobalSection(SolutionProperties) = preSolution
		HideSolutionNode = FALSE
	EndGlobalSection
	GlobalSection(ProjectConfigurationPlatforms) = postSolution
		{266531C2-F785-449F-8443-2965CEA574D9}.Debug|Any CPU.ActiveCfg = Debug|Any CPU
		{266531C2-F785-449F-8443-2965CEA574D9}.Debug|Any CPU.Build.0 = Debug|Any CPU
		{266531C2-F785-449F-8443-2965CEA574D9}.Debug|x64.ActiveCfg = Debug|Any CPU
		{266531C2-F785-449F-8443-2965CEA574D9}.Debug|x64.Build.0 = Debug|Any CPU
		{266531C2-F785-449F-8443-2965CEA574D9}.Debug|x86.ActiveCfg = Debug|Any CPU
		{266531C2-F785-449F-8443-2965CEA574D9}.Debug|x86.Build.0 = Debug|Any CPU
		{266531C2-F785-449F-8443-2965CEA574D9}.Release|Any CPU.ActiveCfg = Release|Any CPU
		{266531C2-F785-449F-8443-2965CEA574D9}.Release|Any CPU.Build.0 = Release|Any CPU
		{266531C2-F785-449F-8443-2965CEA574D9}.Release|x64.ActiveCfg = Release|Any CPU
		{266531C2-F785-449F-8443-2965CEA574D9}.Release|x64.Build.0 = Release|Any CPU
		{266531C2-F785-449F-8443-2965CEA574D9}.Release|x86.ActiveCfg = Release|Any CPU
		{266531C2-F785-449F-8443-2965CEA574D9}.Release|x86.Build.0 = Release|Any CPU
		{BD80983E-35AF-4CF5-932A-3564CCCA8B97}.Debug|Any CPU.ActiveCfg = Debug|Any CPU
		{BD80983E-35AF-4CF5-932A-3564CCCA8B97}.Debug|Any CPU.Build.0 = Debug|Any CPU
		{BD80983E-35AF-4CF5-932A-3564CCCA8B97}.Debug|x64.ActiveCfg = Debug|Any CPU
		{BD80983E-35AF-4CF5-932A-3564CCCA8B97}.Debug|x64.Build.0 = Debug|Any CPU
		{BD80983E-35AF-4CF5-932A-3564CCCA8B97}.Debug|x86.ActiveCfg = Debug|Any CPU
		{BD80983E-35AF-4CF5-932A-3564CCCA8B97}.Debug|x86.Build.0 = Debug|Any CPU
		{BD80983E-35AF-4CF5-932A-3564CCCA8B97}.Release|Any CPU.ActiveCfg = Release|Any CPU
		{BD80983E-35AF-4CF5-932A-3564CCCA8B97}.Release|Any CPU.Build.0 = Release|Any CPU
		{BD80983E-35AF-4CF5-932A-3564CCCA8B97}.Release|x64.ActiveCfg = Release|Any CPU
		{BD80983E-35AF-4CF5-932A-3564CCCA8B97}.Release|x64.Build.0 = Release|Any CPU
		{BD80983E-35AF-4CF5-932A-3564CCCA8B97}.Release|x86.ActiveCfg = Release|Any CPU
		{BD80983E-35AF-4CF5-932A-3564CCCA8B97}.Release|x86.Build.0 = Release|Any CPU
	EndGlobalSection
EndGlobal
